
Microsoft Visual Studio Solution File, Format Version 12.00
# Visual Studio Version 17
VisualStudioVersion = 17.3.32825.248
MinimumVisualStudioVersion = 10.0.40219.1
Project("{FAE04EC0-301F-11D3-BF4B-00C04F79EFBC}") = "HorseRace", "HorseRace\HorseRace.csproj", "{B452FE80-E427-4639-ADB3-23F6F3DAC9AA}"
EndProject
Global
	GlobalSection(SolutionConfigurationPlatforms) = preSolution
		Debug|Any CPU = Debug|Any CPU
		Release|Any CPU = Release|Any CPU
	EndGlobalSection
	GlobalSection(ProjectConfigurationPlatforms) = postSolution
		{B452FE80-E427-4639-ADB3-23F6F3DAC9AA}.Debug|Any CPU.ActiveCfg = Debug|Any CPU
		{B452FE80-E427-4639-ADB3-23F6F3DAC9AA}.Debug|Any CPU.Build.0 = Debug|Any CPU
		{B452FE80-E427-4639-ADB3-23F6F3DAC9AA}.Release|Any CPU.ActiveCfg = Release|Any CPU
		{B452FE80-E427-4639-ADB3-23F6F3DAC9AA}.Release|Any CPU.Build.0 = Release|Any CPU
	EndGlobalSection
	GlobalSection(SolutionProperties) = preSolution
		HideSolutionNode = FALSE
	EndGlobalSection
	GlobalSection(ExtensibilityGlobals) = postSolution
		SolutionGuid = {24EA1ED5-2515-4A8F-9414-5E020CF5C814}
	EndGlobalSection
EndGlobal
